
Microsoft Visual Studio Solution File, Format Version 12.00
# Visual Studio 15
VisualStudioVersion = 15.0.26124.0
MinimumVisualStudioVersion = 15.0.26124.0
Project("{2150E333-8FDC-42A3-9474-1A3956D46DE8}") = "src", "src", "{D6C2F600-5DB9-4D0F-905A-9AD076908912}"
EndProject
Project("{FAE04EC0-301F-11D3-BF4B-00C04F79EFBC}") = "CommandAPI", "src\CommandAPI\CommandAPI.csproj", "{11E1B95C-BE36-48BE-8E5D-EC3C0FCB81E1}"
EndProject
Project("{2150E333-8FDC-42A3-9474-1A3956D46DE8}") = "test", "test", "{A2DF81B0-3643-401E-97D7-C3278F648B3F}"
EndProject
Project("{FAE04EC0-301F-11D3-BF4B-00C04F79EFBC}") = "CommandAPI.Tests", "test\CommandAPI.Tests\CommandAPI.Tests.csproj", "{8AD10264-2E87-49C2-B263-95C3E48CD049}"
EndProject
Global
	GlobalSection(SolutionConfigurationPlatforms) = preSolution
		Debug|Any CPU = Debug|Any CPU
		Debug|x64 = Debug|x64
		Debug|x86 = Debug|x86
		Release|Any CPU = Release|Any CPU
		Release|x64 = Release|x64
		Release|x86 = Release|x86
	EndGlobalSection
	GlobalSection(SolutionProperties) = preSolution
		HideSolutionNode = FALSE
	EndGlobalSection
	GlobalSection(ProjectConfigurationPlatforms) = postSolution
		{11E1B95C-BE36-48BE-8E5D-EC3C0FCB81E1}.Debug|Any CPU.ActiveCfg = Debug|Any CPU
		{11E1B95C-BE36-48BE-8E5D-EC3C0FCB81E1}.Debug|Any CPU.Build.0 = Debug|Any CPU
		{11E1B95C-BE36-48BE-8E5D-EC3C0FCB81E1}.Debug|x64.ActiveCfg = Debug|Any CPU
		{11E1B95C-BE36-48BE-8E5D-EC3C0FCB81E1}.Debug|x64.Build.0 = Debug|Any CPU
		{11E1B95C-BE36-48BE-8E5D-EC3C0FCB81E1}.Debug|x86.ActiveCfg = Debug|Any CPU
		{11E1B95C-BE36-48BE-8E5D-EC3C0FCB81E1}.Debug|x86.Build.0 = Debug|Any CPU
		{11E1B95C-BE36-48BE-8E5D-EC3C0FCB81E1}.Release|Any CPU.ActiveCfg = Release|Any CPU
		{11E1B95C-BE36-48BE-8E5D-EC3C0FCB81E1}.Release|Any CPU.Build.0 = Release|Any CPU
		{11E1B95C-BE36-48BE-8E5D-EC3C0FCB81E1}.Release|x64.ActiveCfg = Release|Any CPU
		{11E1B95C-BE36-48BE-8E5D-EC3C0FCB81E1}.Release|x64.Build.0 = Release|Any CPU
		{11E1B95C-BE36-48BE-8E5D-EC3C0FCB81E1}.Release|x86.ActiveCfg = Release|Any CPU
		{11E1B95C-BE36-48BE-8E5D-EC3C0FCB81E1}.Release|x86.Build.0 = Release|Any CPU
		{8AD10264-2E87-49C2-B263-95C3E48CD049}.Debug|Any CPU.ActiveCfg = Debug|Any CPU
		{8AD10264-2E87-49C2-B263-95C3E48CD049}.Debug|Any CPU.Build.0 = Debug|Any CPU
		{8AD10264-2E87-49C2-B263-95C3E48CD049}.Debug|x64.ActiveCfg = Debug|Any CPU
		{8AD10264-2E87-49C2-B263-95C3E48CD049}.Debug|x64.Build.0 = Debug|Any CPU
		{8AD10264-2E87-49C2-B263-95C3E48CD049}.Debug|x86.ActiveCfg = Debug|Any CPU
		{8AD10264-2E87-49C2-B263-95C3E48CD049}.Debug|x86.Build.0 = Debug|Any CPU
		{8AD10264-2E87-49C2-B263-95C3E48CD049}.Release|Any CPU.ActiveCfg = Release|Any CPU
		{8AD10264-2E87-49C2-B263-95C3E48CD049}.Release|Any CPU.Build.0 = Release|Any CPU
		{8AD10264-2E87-49C2-B263-95C3E48CD049}.Release|x64.ActiveCfg = Release|Any CPU
		{8AD10264-2E87-49C2-B263-95C3E48CD049}.Release|x64.Build.0 = Release|Any CPU
		{8AD10264-2E87-49C2-B263-95C3E48CD049}.Release|x86.ActiveCfg = Release|Any CPU
		{8AD10264-2E87-49C2-B263-95C3E48CD049}.Release|x86.Build.0 = Release|Any CPU
	EndGlobalSection
	GlobalSection(NestedProjects) = preSolution
		{11E1B95C-BE36-48BE-8E5D-EC3C0FCB81E1} = {D6C2F600-5DB9-4D0F-905A-9AD076908912}
		{8AD10264-2E87-49C2-B263-95C3E48CD049} = {A2DF81B0-3643-401E-97D7-C3278F648B3F}
	EndGlobalSection
EndGlobal
